// !$*UTF8*$!
{
	archiveVersion = 1;
	classes = {
	};
	objectVersion = 50;
	objects = {

/* Begin PBXBuildFile section */
		211F67F9223A31A700F7ACBB /* WYAAgentRingModel.m in Sources */ = {isa = PBXBuildFile; fileRef = 211F67F8223A31A700F7ACBB /* WYAAgentRingModel.m */; };
		211F67FC223A337800F7ACBB /* WYAAgentRingViewModel.m in Sources */ = {isa = PBXBuildFile; fileRef = 211F67FB223A337800F7ACBB /* WYAAgentRingViewModel.m */; };
		211F67FF223A5EC000F7ACBB /* WYAAgentRingSectionFootView.m in Sources */ = {isa = PBXBuildFile; fileRef = 211F67FE223A5EC000F7ACBB /* WYAAgentRingSectionFootView.m */; };
		211F6802223B8E8300F7ACBB /* WYASendDynamicViewController.m in Sources */ = {isa = PBXBuildFile; fileRef = 211F6801223B8E8300F7ACBB /* WYASendDynamicViewController.m */; };
		211F6806223B95B200F7ACBB /* WYACameraCell.m in Sources */ = {isa = PBXBuildFile; fileRef = 211F6803223B95B100F7ACBB /* WYACameraCell.m */; };
		211F6807223B95B200F7ACBB /* WYACameraCell.xib in Resources */ = {isa = PBXBuildFile; fileRef = 211F6805223B95B100F7ACBB /* WYACameraCell.xib */; };
		21271DD220F59341008EBAD1 /* BaseNetWorking.m in Sources */ = {isa = PBXBuildFile; fileRef = 21271DD120F59341008EBAD1 /* BaseNetWorking.m */; };
		21B6BD7B2239FA0100962255 /* WYAAgentRingCoverView.m in Sources */ = {isa = PBXBuildFile; fileRef = 21B6BD7A2239FA0100962255 /* WYAAgentRingCoverView.m */; };
		21F1C4C0223A05F800527496 /* WYAAgentRingCell.m in Sources */ = {isa = PBXBuildFile; fileRef = 21F1C4BF223A05F800527496 /* WYAAgentRingCell.m */; };
		952DE2B9223A074B0098B208 /* WYAMineHeaderView.m in Sources */ = {isa = PBXBuildFile; fileRef = 952DE2B8223A074B0098B208 /* WYAMineHeaderView.m */; };
		952DE2BC223A2A300098B208 /* WYAMineTableViewCell.m in Sources */ = {isa = PBXBuildFile; fileRef = 952DE2BB223A2A300098B208 /* WYAMineTableViewCell.m */; };
		952DE2C6223A46730098B208 /* WYAArticleViewController.m in Sources */ = {isa = PBXBuildFile; fileRef = 952DE2C5223A46730098B208 /* WYAArticleViewController.m */; };
		952DE2C9223A46800098B208 /* WYAImgTextViewController.m in Sources */ = {isa = PBXBuildFile; fileRef = 952DE2C8223A46800098B208 /* WYAImgTextViewController.m */; };
		958FB47620F0574A00F44489 /* Assets.xcassets in Resources */ = {isa = PBXBuildFile; fileRef = 958FB47520F0574A00F44489 /* Assets.xcassets */; };
		95C2FEDB20F0528C00ED829B /* LaunchScreen.storyboard in Resources */ = {isa = PBXBuildFile; fileRef = 95C2FED920F0528C00ED829B /* LaunchScreen.storyboard */; };
		95C2FEDE20F0528C00ED829B /* main.m in Sources */ = {isa = PBXBuildFile; fileRef = 95C2FEDD20F0528C00ED829B /* main.m */; };
		95C2FEE820F0528C00ED829B /* WYAMaterialTests.m in Sources */ = {isa = PBXBuildFile; fileRef = 95C2FEE720F0528C00ED829B /* WYAMaterialTests.m */; };
		95C2FEF320F0528C00ED829B /* WYAMaterialUITests.m in Sources */ = {isa = PBXBuildFile; fileRef = 95C2FEF220F0528C00ED829B /* WYAMaterialUITests.m */; };
		95C2FF7F20F0533600ED829B /* BaseViewController.m in Sources */ = {isa = PBXBuildFile; fileRef = 95C2FF3E20F0533500ED829B /* BaseViewController.m */; };
		95C2FF8020F0533600ED829B /* WYAHomeViewController.m in Sources */ = {isa = PBXBuildFile; fileRef = 95C2FF4520F0533500ED829B /* WYAHomeViewController.m */; };
		95C2FF8220F0533600ED829B /* WYAMineViewController.m in Sources */ = {isa = PBXBuildFile; fileRef = 95C2FF5220F0533500ED829B /* WYAMineViewController.m */; };
		95C2FF8420F0533600ED829B /* RootViewController.m in Sources */ = {isa = PBXBuildFile; fileRef = 95C2FF5F20F0533500ED829B /* RootViewController.m */; };
		95C2FF8520F0533600ED829B /* RootControllerModel.m in Sources */ = {isa = PBXBuildFile; fileRef = 95C2FF6220F0533500ED829B /* RootControllerModel.m */; };
		95C2FF8620F0533600ED829B /* AppDelegate.m in Sources */ = {isa = PBXBuildFile; fileRef = 95C2FF6620F0533500ED829B /* AppDelegate.m */; };
		95DD8CC02239E29400731A7E /* WYAMaterialModel.m in Sources */ = {isa = PBXBuildFile; fileRef = 95DD8CBF2239E29400731A7E /* WYAMaterialModel.m */; };
		95DD8CC32239E2AB00731A7E /* WYAMaterialView.m in Sources */ = {isa = PBXBuildFile; fileRef = 95DD8CC22239E2AB00731A7E /* WYAMaterialView.m */; };
		95DD8CC62239E2C300731A7E /* WYAMaterialViewModel.m in Sources */ = {isa = PBXBuildFile; fileRef = 95DD8CC52239E2C300731A7E /* WYAMaterialViewModel.m */; };
		95DD8CC92239E65400731A7E /* WYAMaterialViewController.m in Sources */ = {isa = PBXBuildFile; fileRef = 95DD8CC82239E65400731A7E /* WYAMaterialViewController.m */; };
		95DD8CCC2239E66400731A7E /* WYALoginViewController.m in Sources */ = {isa = PBXBuildFile; fileRef = 95DD8CCB2239E66400731A7E /* WYALoginViewController.m */; };
		95DD8CCF2239E68800731A7E /* WYAHomeModel.m in Sources */ = {isa = PBXBuildFile; fileRef = 95DD8CCE2239E68800731A7E /* WYAHomeModel.m */; };
		95DD8CD22239E69500731A7E /* WYALoginModel.m in Sources */ = {isa = PBXBuildFile; fileRef = 95DD8CD12239E69500731A7E /* WYALoginModel.m */; };
		95DD8CD52239E6A100731A7E /* WYAMineModel.m in Sources */ = {isa = PBXBuildFile; fileRef = 95DD8CD42239E6A100731A7E /* WYAMineModel.m */; };
		95DD8CD82239E6AF00731A7E /* WYALoginViewModel.m in Sources */ = {isa = PBXBuildFile; fileRef = 95DD8CD72239E6AF00731A7E /* WYALoginViewModel.m */; };
		95DD8CDB2239E6BC00731A7E /* WYAHomeViewModel.m in Sources */ = {isa = PBXBuildFile; fileRef = 95DD8CDA2239E6BC00731A7E /* WYAHomeViewModel.m */; };
		95DD8CDE2239E6CE00731A7E /* WYAMineViewModel.m in Sources */ = {isa = PBXBuildFile; fileRef = 95DD8CDD2239E6CE00731A7E /* WYAMineViewModel.m */; };
		95DD8CE42239E6FB00731A7E /* WYAHomeView.m in Sources */ = {isa = PBXBuildFile; fileRef = 95DD8CE32239E6FB00731A7E /* WYAHomeView.m */; };
		95DD8CE72239E70900731A7E /* WYALoginVIew.m in Sources */ = {isa = PBXBuildFile; fileRef = 95DD8CE62239E70900731A7E /* WYALoginVIew.m */; };
		95DE135021ECB55700B5867B /* UIColor+WYAColor.m in Sources */ = {isa = PBXBuildFile; fileRef = 95DE134F21ECB55700B5867B /* UIColor+WYAColor.m */; };
		95F6322E223A592800BFC68C /* WYAMineCreateViewController.m in Sources */ = {isa = PBXBuildFile; fileRef = 95F6322D223A592800BFC68C /* WYAMineCreateViewController.m */; };
		95F63231223A597600BFC68C /* WYAMineCreateMaterialViewController.m in Sources */ = {isa = PBXBuildFile; fileRef = 95F63230223A597600BFC68C /* WYAMineCreateMaterialViewController.m */; };
		95F63234223A599F00BFC68C /* WYAMineCreateDynamicViewController.m in Sources */ = {isa = PBXBuildFile; fileRef = 95F63233223A599F00BFC68C /* WYAMineCreateDynamicViewController.m */; };
		95F63237223A5FE600BFC68C /* WYAMineCollectionViewController.m in Sources */ = {isa = PBXBuildFile; fileRef = 95F63236223A5FE600BFC68C /* WYAMineCollectionViewController.m */; };
		95F6323A223A609300BFC68C /* WYAMineCollectionMaterialViewController.m in Sources */ = {isa = PBXBuildFile; fileRef = 95F63239223A609300BFC68C /* WYAMineCollectionMaterialViewController.m */; };
		95F6323D223A613B00BFC68C /* WYAMineCollectionDynamicViewController.m in Sources */ = {isa = PBXBuildFile; fileRef = 95F6323C223A613B00BFC68C /* WYAMineCollectionDynamicViewController.m */; };
		F2D65C53BEA9A4821E1FFEDD /* libPods-WYAMaterial.a in Frameworks */ = {isa = PBXBuildFile; fileRef = E5C09EEF13ED37F442242C6C /* libPods-WYAMaterial.a */; };
/* End PBXBuildFile section */

/* Begin PBXContainerItemProxy section */
		95C2FEE420F0528C00ED829B /* PBXContainerItemProxy */ = {
			isa = PBXContainerItemProxy;
			containerPortal = 95C2FEC320F0528B00ED829B /* Project object */;
			proxyType = 1;
			remoteGlobalIDString = 95C2FECA20F0528B00ED829B;
			remoteInfo = WYAMaterial;
		};
		95C2FEEF20F0528C00ED829B /* PBXContainerItemProxy */ = {
			isa = PBXContainerItemProxy;
			containerPortal = 95C2FEC320F0528B00ED829B /* Project object */;
			proxyType = 1;
			remoteGlobalIDString = 95C2FECA20F0528B00ED829B;
			remoteInfo = WYAMaterial;
		};
/* End PBXContainerItemProxy section */

/* Begin PBXFileReference section */
		211F67F7223A31A700F7ACBB /* WYAAgentRingModel.h */ = {isa = PBXFileReference; lastKnownFileType = sourcecode.c.h; path = WYAAgentRingModel.h; sourceTree = "<group>"; };
		211F67F8223A31A700F7ACBB /* WYAAgentRingModel.m */ = {isa = PBXFileReference; lastKnownFileType = sourcecode.c.objc; path = WYAAgentRingModel.m; sourceTree = "<group>"; };
		211F67FA223A337800F7ACBB /* WYAAgentRingViewModel.h */ = {isa = PBXFileReference; lastKnownFileType = sourcecode.c.h; path = WYAAgentRingViewModel.h; sourceTree = "<group>"; };
		211F67FB223A337800F7ACBB /* WYAAgentRingViewModel.m */ = {isa = PBXFileReference; lastKnownFileType = sourcecode.c.objc; path = WYAAgentRingViewModel.m; sourceTree = "<group>"; };
		211F67FD223A5EC000F7ACBB /* WYAAgentRingSectionFootView.h */ = {isa = PBXFileReference; lastKnownFileType = sourcecode.c.h; path = WYAAgentRingSectionFootView.h; sourceTree = "<group>"; };
		211F67FE223A5EC000F7ACBB /* WYAAgentRingSectionFootView.m */ = {isa = PBXFileReference; lastKnownFileType = sourcecode.c.objc; path = WYAAgentRingSectionFootView.m; sourceTree = "<group>"; };
		211F6800223B8E8300F7ACBB /* WYASendDynamicViewController.h */ = {isa = PBXFileReference; lastKnownFileType = sourcecode.c.h; path = WYASendDynamicViewController.h; sourceTree = "<group>"; };
		211F6801223B8E8300F7ACBB /* WYASendDynamicViewController.m */ = {isa = PBXFileReference; lastKnownFileType = sourcecode.c.objc; path = WYASendDynamicViewController.m; sourceTree = "<group>"; };
		211F6803223B95B100F7ACBB /* WYACameraCell.m */ = {isa = PBXFileReference; fileEncoding = 4; lastKnownFileType = sourcecode.c.objc; path = WYACameraCell.m; sourceTree = "<group>"; };
		211F6804223B95B100F7ACBB /* WYACameraCell.h */ = {isa = PBXFileReference; fileEncoding = 4; lastKnownFileType = sourcecode.c.h; path = WYACameraCell.h; sourceTree = "<group>"; };
		211F6805223B95B100F7ACBB /* WYACameraCell.xib */ = {isa = PBXFileReference; fileEncoding = 4; lastKnownFileType = file.xib; path = WYACameraCell.xib; sourceTree = "<group>"; };
		21271DD020F59341008EBAD1 /* BaseNetWorking.h */ = {isa = PBXFileReference; lastKnownFileType = sourcecode.c.h; path = BaseNetWorking.h; sourceTree = "<group>"; };
		21271DD120F59341008EBAD1 /* BaseNetWorking.m */ = {isa = PBXFileReference; lastKnownFileType = sourcecode.c.objc; path = BaseNetWorking.m; sourceTree = "<group>"; };
		21B6BD792239FA0100962255 /* WYAAgentRingCoverView.h */ = {isa = PBXFileReference; lastKnownFileType = sourcecode.c.h; path = WYAAgentRingCoverView.h; sourceTree = "<group>"; };
		21B6BD7A2239FA0100962255 /* WYAAgentRingCoverView.m */ = {isa = PBXFileReference; lastKnownFileType = sourcecode.c.objc; path = WYAAgentRingCoverView.m; sourceTree = "<group>"; };
		21F1C4BE223A05F800527496 /* WYAAgentRingCell.h */ = {isa = PBXFileReference; lastKnownFileType = sourcecode.c.h; path = WYAAgentRingCell.h; sourceTree = "<group>"; };
		21F1C4BF223A05F800527496 /* WYAAgentRingCell.m */ = {isa = PBXFileReference; lastKnownFileType = sourcecode.c.objc; path = WYAAgentRingCell.m; sourceTree = "<group>"; };
		4C7029995E79562742AF7EB9 /* Pods-WYAMaterial.debug.xcconfig */ = {isa = PBXFileReference; includeInIndex = 1; lastKnownFileType = text.xcconfig; name = "Pods-WYAMaterial.debug.xcconfig"; path = "Pods/Target Support Files/Pods-WYAMaterial/Pods-WYAMaterial.debug.xcconfig"; sourceTree = "<group>"; };
		6E595E41FAC2B4D66BC88E36 /* Pods-WYAMaterial.release.xcconfig */ = {isa = PBXFileReference; includeInIndex = 1; lastKnownFileType = text.xcconfig; name = "Pods-WYAMaterial.release.xcconfig"; path = "Pods/Target Support Files/Pods-WYAMaterial/Pods-WYAMaterial.release.xcconfig"; sourceTree = "<group>"; };
		952DE2B7223A074B0098B208 /* WYAMineHeaderView.h */ = {isa = PBXFileReference; lastKnownFileType = sourcecode.c.h; path = WYAMineHeaderView.h; sourceTree = "<group>"; };
		952DE2B8223A074B0098B208 /* WYAMineHeaderView.m */ = {isa = PBXFileReference; lastKnownFileType = sourcecode.c.objc; path = WYAMineHeaderView.m; sourceTree = "<group>"; };
		952DE2BA223A2A300098B208 /* WYAMineTableViewCell.h */ = {isa = PBXFileReference; lastKnownFileType = sourcecode.c.h; path = WYAMineTableViewCell.h; sourceTree = "<group>"; };
		952DE2BB223A2A300098B208 /* WYAMineTableViewCell.m */ = {isa = PBXFileReference; lastKnownFileType = sourcecode.c.objc; path = WYAMineTableViewCell.m; sourceTree = "<group>"; };
		952DE2C4223A46730098B208 /* WYAArticleViewController.h */ = {isa = PBXFileReference; lastKnownFileType = sourcecode.c.h; path = WYAArticleViewController.h; sourceTree = "<group>"; };
		952DE2C5223A46730098B208 /* WYAArticleViewController.m */ = {isa = PBXFileReference; lastKnownFileType = sourcecode.c.objc; path = WYAArticleViewController.m; sourceTree = "<group>"; };
		952DE2C7223A46800098B208 /* WYAImgTextViewController.h */ = {isa = PBXFileReference; lastKnownFileType = sourcecode.c.h; path = WYAImgTextViewController.h; sourceTree = "<group>"; };
		952DE2C8223A46800098B208 /* WYAImgTextViewController.m */ = {isa = PBXFileReference; lastKnownFileType = sourcecode.c.objc; path = WYAImgTextViewController.m; sourceTree = "<group>"; };
		958FB47520F0574A00F44489 /* Assets.xcassets */ = {isa = PBXFileReference; lastKnownFileType = folder.assetcatalog; path = Assets.xcassets; sourceTree = "<group>"; };
		95C2FECB20F0528B00ED829B /* WYAMaterial.app */ = {isa = PBXFileReference; explicitFileType = wrapper.application; includeInIndex = 0; path = WYAMaterial.app; sourceTree = BUILT_PRODUCTS_DIR; };
		95C2FEDA20F0528C00ED829B /* Base */ = {isa = PBXFileReference; lastKnownFileType = file.storyboard; name = Base; path = Base.lproj/LaunchScreen.storyboard; sourceTree = "<group>"; };
		95C2FEDC20F0528C00ED829B /* Info.plist */ = {isa = PBXFileReference; lastKnownFileType = text.plist.xml; path = Info.plist; sourceTree = "<group>"; };
		95C2FEDD20F0528C00ED829B /* main.m */ = {isa = PBXFileReference; lastKnownFileType = sourcecode.c.objc; path = main.m; sourceTree = "<group>"; };
		95C2FEE320F0528C00ED829B /* WYAMaterialTests.xctest */ = {isa = PBXFileReference; explicitFileType = wrapper.cfbundle; includeInIndex = 0; path = WYAMaterialTests.xctest; sourceTree = BUILT_PRODUCTS_DIR; };
		95C2FEE720F0528C00ED829B /* WYAMaterialTests.m */ = {isa = PBXFileReference; lastKnownFileType = sourcecode.c.objc; path = WYAMaterialTests.m; sourceTree = "<group>"; };
		95C2FEE920F0528C00ED829B /* Info.plist */ = {isa = PBXFileReference; lastKnownFileType = text.plist.xml; path = Info.plist; sourceTree = "<group>"; };
		95C2FEEE20F0528C00ED829B /* WYAMaterialUITests.xctest */ = {isa = PBXFileReference; explicitFileType = wrapper.cfbundle; includeInIndex = 0; path = WYAMaterialUITests.xctest; sourceTree = BUILT_PRODUCTS_DIR; };
		95C2FEF220F0528C00ED829B /* WYAMaterialUITests.m */ = {isa = PBXFileReference; lastKnownFileType = sourcecode.c.objc; path = WYAMaterialUITests.m; sourceTree = "<group>"; };
		95C2FEF420F0528C00ED829B /* Info.plist */ = {isa = PBXFileReference; lastKnownFileType = text.plist.xml; path = Info.plist; sourceTree = "<group>"; };
		95C2FF0220F0533500ED829B /* WYANetRequestUrl.h */ = {isa = PBXFileReference; fileEncoding = 4; lastKnownFileType = sourcecode.c.h; path = WYANetRequestUrl.h; sourceTree = "<group>"; };
		95C2FF0320F0533500ED829B /* WYANoticName.h */ = {isa = PBXFileReference; fileEncoding = 4; lastKnownFileType = sourcecode.c.h; path = WYANoticName.h; sourceTree = "<group>"; };
		95C2FF0420F0533500ED829B /* WYAThirdClassHeader.h */ = {isa = PBXFileReference; fileEncoding = 4; lastKnownFileType = sourcecode.c.h; path = WYAThirdClassHeader.h; sourceTree = "<group>"; };
		95C2FF0520F0533500ED829B /* WYAMacros.h */ = {isa = PBXFileReference; fileEncoding = 4; lastKnownFileType = sourcecode.c.h; path = WYAMacros.h; sourceTree = "<group>"; };
		95C2FF0620F0533500ED829B /* WYABaseConfig.pch */ = {isa = PBXFileReference; fileEncoding = 4; lastKnownFileType = sourcecode.c.h; path = WYABaseConfig.pch; sourceTree = "<group>"; };
		95C2FF3E20F0533500ED829B /* BaseViewController.m */ = {isa = PBXFileReference; fileEncoding = 4; lastKnownFileType = sourcecode.c.objc; path = BaseViewController.m; sourceTree = "<group>"; };
		95C2FF3F20F0533500ED829B /* BaseViewController.h */ = {isa = PBXFileReference; fileEncoding = 4; lastKnownFileType = sourcecode.c.h; path = BaseViewController.h; sourceTree = "<group>"; };
		95C2FF4420F0533500ED829B /* WYAHomeViewController.h */ = {isa = PBXFileReference; fileEncoding = 4; lastKnownFileType = sourcecode.c.h; path = WYAHomeViewController.h; sourceTree = "<group>"; };
		95C2FF4520F0533500ED829B /* WYAHomeViewController.m */ = {isa = PBXFileReference; fileEncoding = 4; lastKnownFileType = sourcecode.c.objc; path = WYAHomeViewController.m; sourceTree = "<group>"; };
		95C2FF5220F0533500ED829B /* WYAMineViewController.m */ = {isa = PBXFileReference; fileEncoding = 4; lastKnownFileType = sourcecode.c.objc; path = WYAMineViewController.m; sourceTree = "<group>"; };
		95C2FF5320F0533500ED829B /* WYAMineViewController.h */ = {isa = PBXFileReference; fileEncoding = 4; lastKnownFileType = sourcecode.c.h; path = WYAMineViewController.h; sourceTree = "<group>"; };
		95C2FF5F20F0533500ED829B /* RootViewController.m */ = {isa = PBXFileReference; fileEncoding = 4; lastKnownFileType = sourcecode.c.objc; path = RootViewController.m; sourceTree = "<group>"; };
		95C2FF6020F0533500ED829B /* RootViewController.h */ = {isa = PBXFileReference; fileEncoding = 4; lastKnownFileType = sourcecode.c.h; path = RootViewController.h; sourceTree = "<group>"; };
		95C2FF6220F0533500ED829B /* RootControllerModel.m */ = {isa = PBXFileReference; fileEncoding = 4; lastKnownFileType = sourcecode.c.objc; path = RootControllerModel.m; sourceTree = "<group>"; };
		95C2FF6320F0533500ED829B /* RootControllerModel.h */ = {isa = PBXFileReference; fileEncoding = 4; lastKnownFileType = sourcecode.c.h; path = RootControllerModel.h; sourceTree = "<group>"; };
		95C2FF6520F0533500ED829B /* AppDelegate.h */ = {isa = PBXFileReference; fileEncoding = 4; lastKnownFileType = sourcecode.c.h; path = AppDelegate.h; sourceTree = "<group>"; };
		95C2FF6620F0533500ED829B /* AppDelegate.m */ = {isa = PBXFileReference; fileEncoding = 4; lastKnownFileType = sourcecode.c.objc; path = AppDelegate.m; sourceTree = "<group>"; };
		95DD8CBE2239E29400731A7E /* WYAMaterialModel.h */ = {isa = PBXFileReference; lastKnownFileType = sourcecode.c.h; path = WYAMaterialModel.h; sourceTree = "<group>"; };
		95DD8CBF2239E29400731A7E /* WYAMaterialModel.m */ = {isa = PBXFileReference; lastKnownFileType = sourcecode.c.objc; path = WYAMaterialModel.m; sourceTree = "<group>"; };
		95DD8CC12239E2AB00731A7E /* WYAMaterialView.h */ = {isa = PBXFileReference; lastKnownFileType = sourcecode.c.h; path = WYAMaterialView.h; sourceTree = "<group>"; };
		95DD8CC22239E2AB00731A7E /* WYAMaterialView.m */ = {isa = PBXFileReference; lastKnownFileType = sourcecode.c.objc; path = WYAMaterialView.m; sourceTree = "<group>"; };
		95DD8CC42239E2C300731A7E /* WYAMaterialViewModel.h */ = {isa = PBXFileReference; lastKnownFileType = sourcecode.c.h; path = WYAMaterialViewModel.h; sourceTree = "<group>"; };
		95DD8CC52239E2C300731A7E /* WYAMaterialViewModel.m */ = {isa = PBXFileReference; lastKnownFileType = sourcecode.c.objc; path = WYAMaterialViewModel.m; sourceTree = "<group>"; };
		95DD8CC72239E65400731A7E /* WYAMaterialViewController.h */ = {isa = PBXFileReference; lastKnownFileType = sourcecode.c.h; path = WYAMaterialViewController.h; sourceTree = "<group>"; };
		95DD8CC82239E65400731A7E /* WYAMaterialViewController.m */ = {isa = PBXFileReference; lastKnownFileType = sourcecode.c.objc; path = WYAMaterialViewController.m; sourceTree = "<group>"; };
		95DD8CCA2239E66400731A7E /* WYALoginViewController.h */ = {isa = PBXFileReference; lastKnownFileType = sourcecode.c.h; path = WYALoginViewController.h; sourceTree = "<group>"; };
		95DD8CCB2239E66400731A7E /* WYALoginViewController.m */ = {isa = PBXFileReference; lastKnownFileType = sourcecode.c.objc; path = WYALoginViewController.m; sourceTree = "<group>"; };
		95DD8CCD2239E68800731A7E /* WYAHomeModel.h */ = {isa = PBXFileReference; lastKnownFileType = sourcecode.c.h; path = WYAHomeModel.h; sourceTree = "<group>"; };
		95DD8CCE2239E68800731A7E /* WYAHomeModel.m */ = {isa = PBXFileReference; lastKnownFileType = sourcecode.c.objc; path = WYAHomeModel.m; sourceTree = "<group>"; };
		95DD8CD02239E69500731A7E /* WYALoginModel.h */ = {isa = PBXFileReference; lastKnownFileType = sourcecode.c.h; path = WYALoginModel.h; sourceTree = "<group>"; };
		95DD8CD12239E69500731A7E /* WYALoginModel.m */ = {isa = PBXFileReference; lastKnownFileType = sourcecode.c.objc; path = WYALoginModel.m; sourceTree = "<group>"; };
		95DD8CD32239E6A100731A7E /* WYAMineModel.h */ = {isa = PBXFileReference; lastKnownFileType = sourcecode.c.h; path = WYAMineModel.h; sourceTree = "<group>"; };
		95DD8CD42239E6A100731A7E /* WYAMineModel.m */ = {isa = PBXFileReference; lastKnownFileType = sourcecode.c.objc; path = WYAMineModel.m; sourceTree = "<group>"; };
		95DD8CD62239E6AF00731A7E /* WYALoginViewModel.h */ = {isa = PBXFileReference; lastKnownFileType = sourcecode.c.h; path = WYALoginViewModel.h; sourceTree = "<group>"; };
		95DD8CD72239E6AF00731A7E /* WYALoginViewModel.m */ = {isa = PBXFileReference; lastKnownFileType = sourcecode.c.objc; path = WYALoginViewModel.m; sourceTree = "<group>"; };
		95DD8CD92239E6BC00731A7E /* WYAHomeViewModel.h */ = {isa = PBXFileReference; lastKnownFileType = sourcecode.c.h; path = WYAHomeViewModel.h; sourceTree = "<group>"; };
		95DD8CDA2239E6BC00731A7E /* WYAHomeViewModel.m */ = {isa = PBXFileReference; lastKnownFileType = sourcecode.c.objc; path = WYAHomeViewModel.m; sourceTree = "<group>"; };
		95DD8CDC2239E6CE00731A7E /* WYAMineViewModel.h */ = {isa = PBXFileReference; lastKnownFileType = sourcecode.c.h; path = WYAMineViewModel.h; sourceTree = "<group>"; };
		95DD8CDD2239E6CE00731A7E /* WYAMineViewModel.m */ = {isa = PBXFileReference; lastKnownFileType = sourcecode.c.objc; path = WYAMineViewModel.m; sourceTree = "<group>"; };
		95DD8CE22239E6FB00731A7E /* WYAHomeView.h */ = {isa = PBXFileReference; lastKnownFileType = sourcecode.c.h; path = WYAHomeView.h; sourceTree = "<group>"; };
		95DD8CE32239E6FB00731A7E /* WYAHomeView.m */ = {isa = PBXFileReference; lastKnownFileType = sourcecode.c.objc; path = WYAHomeView.m; sourceTree = "<group>"; };
		95DD8CE52239E70900731A7E /* WYALoginVIew.h */ = {isa = PBXFileReference; lastKnownFileType = sourcecode.c.h; path = WYALoginVIew.h; sourceTree = "<group>"; };
		95DD8CE62239E70900731A7E /* WYALoginVIew.m */ = {isa = PBXFileReference; lastKnownFileType = sourcecode.c.objc; path = WYALoginVIew.m; sourceTree = "<group>"; };
		95DE134E21ECB55700B5867B /* UIColor+WYAColor.h */ = {isa = PBXFileReference; lastKnownFileType = sourcecode.c.h; path = "UIColor+WYAColor.h"; sourceTree = "<group>"; };
		95DE134F21ECB55700B5867B /* UIColor+WYAColor.m */ = {isa = PBXFileReference; lastKnownFileType = sourcecode.c.objc; path = "UIColor+WYAColor.m"; sourceTree = "<group>"; };
		95F6322C223A592800BFC68C /* WYAMineCreateViewController.h */ = {isa = PBXFileReference; lastKnownFileType = sourcecode.c.h; path = WYAMineCreateViewController.h; sourceTree = "<group>"; };
		95F6322D223A592800BFC68C /* WYAMineCreateViewController.m */ = {isa = PBXFileReference; lastKnownFileType = sourcecode.c.objc; path = WYAMineCreateViewController.m; sourceTree = "<group>"; };
		95F6322F223A597600BFC68C /* WYAMineCreateMaterialViewController.h */ = {isa = PBXFileReference; lastKnownFileType = sourcecode.c.h; path = WYAMineCreateMaterialViewController.h; sourceTree = "<group>"; };
		95F63230223A597600BFC68C /* WYAMineCreateMaterialViewController.m */ = {isa = PBXFileReference; lastKnownFileType = sourcecode.c.objc; path = WYAMineCreateMaterialViewController.m; sourceTree = "<group>"; };
		95F63232223A599F00BFC68C /* WYAMineCreateDynamicViewController.h */ = {isa = PBXFileReference; lastKnownFileType = sourcecode.c.h; path = WYAMineCreateDynamicViewController.h; sourceTree = "<group>"; };
		95F63233223A599F00BFC68C /* WYAMineCreateDynamicViewController.m */ = {isa = PBXFileReference; lastKnownFileType = sourcecode.c.objc; path = WYAMineCreateDynamicViewController.m; sourceTree = "<group>"; };
		95F63235223A5FE600BFC68C /* WYAMineCollectionViewController.h */ = {isa = PBXFileReference; lastKnownFileType = sourcecode.c.h; path = WYAMineCollectionViewController.h; sourceTree = "<group>"; };
		95F63236223A5FE600BFC68C /* WYAMineCollectionViewController.m */ = {isa = PBXFileReference; lastKnownFileType = sourcecode.c.objc; path = WYAMineCollectionViewController.m; sourceTree = "<group>"; };
		95F63238223A609300BFC68C /* WYAMineCollectionMaterialViewController.h */ = {isa = PBXFileReference; lastKnownFileType = sourcecode.c.h; path = WYAMineCollectionMaterialViewController.h; sourceTree = "<group>"; };
		95F63239223A609300BFC68C /* WYAMineCollectionMaterialViewController.m */ = {isa = PBXFileReference; lastKnownFileType = sourcecode.c.objc; path = WYAMineCollectionMaterialViewController.m; sourceTree = "<group>"; };
		95F6323B223A613B00BFC68C /* WYAMineCollectionDynamicViewController.h */ = {isa = PBXFileReference; lastKnownFileType = sourcecode.c.h; path = WYAMineCollectionDynamicViewController.h; sourceTree = "<group>"; };
		95F6323C223A613B00BFC68C /* WYAMineCollectionDynamicViewController.m */ = {isa = PBXFileReference; lastKnownFileType = sourcecode.c.objc; path = WYAMineCollectionDynamicViewController.m; sourceTree = "<group>"; };
		E5C09EEF13ED37F442242C6C /* libPods-WYAMaterial.a */ = {isa = PBXFileReference; explicitFileType = archive.ar; includeInIndex = 0; path = "libPods-WYAMaterial.a"; sourceTree = BUILT_PRODUCTS_DIR; };
/* End PBXFileReference section */

/* Begin PBXFrameworksBuildPhase section */
		95C2FEC820F0528B00ED829B /* Frameworks */ = {
			isa = PBXFrameworksBuildPhase;
			buildActionMask = 2147483647;
			files = (
				F2D65C53BEA9A4821E1FFEDD /* libPods-WYAMaterial.a in Frameworks */,
			);
			runOnlyForDeploymentPostprocessing = 0;
		};
		95C2FEE020F0528C00ED829B /* Frameworks */ = {
			isa = PBXFrameworksBuildPhase;
			buildActionMask = 2147483647;
			files = (
			);
			runOnlyForDeploymentPostprocessing = 0;
		};
		95C2FEEB20F0528C00ED829B /* Frameworks */ = {
			isa = PBXFrameworksBuildPhase;
			buildActionMask = 2147483647;
			files = (
			);
			runOnlyForDeploymentPostprocessing = 0;
		};
/* End PBXFrameworksBuildPhase section */

/* Begin PBXGroup section */
		2D58A82D018BD5D3B50876E6 /* Pods */ = {
			isa = PBXGroup;
			children = (
				4C7029995E79562742AF7EB9 /* Pods-WYAMaterial.debug.xcconfig */,
				6E595E41FAC2B4D66BC88E36 /* Pods-WYAMaterial.release.xcconfig */,
			);
			name = Pods;
			sourceTree = "<group>";
		};
		952DE2BE223A419F0098B208 /* MineCreate */ = {
			isa = PBXGroup;
			children = (
				95F63229223A58C600BFC68C /* MineCreateMaterial */,
				95F63228223A589600BFC68C /* MineCreateDynamic */,
				95F6322C223A592800BFC68C /* WYAMineCreateViewController.h */,
				95F6322D223A592800BFC68C /* WYAMineCreateViewController.m */,
			);
			path = MineCreate;
			sourceTree = "<group>";
		};
		952DE2BF223A42480098B208 /* MineCollection */ = {
			isa = PBXGroup;
			children = (
				95F6322B223A58FB00BFC68C /* MineCollectionMaterial */,
				95F6322A223A58EC00BFC68C /* MineCollectionDynamic */,
				95F63235223A5FE600BFC68C /* WYAMineCollectionViewController.h */,
				95F63236223A5FE600BFC68C /* WYAMineCollectionViewController.m */,
			);
			path = MineCollection;
			sourceTree = "<group>";
		};
		952DE2C0223A42550098B208 /* MineNotice */ = {
			isa = PBXGroup;
			children = (
			);
			path = MineNotice;
			sourceTree = "<group>";
		};
		952DE2C1223A426A0098B208 /* MineSetting */ = {
			isa = PBXGroup;
			children = (
			);
			path = MineSetting;
			sourceTree = "<group>";
		};
		952DE2C2223A464C0098B208 /* ImgTextController */ = {
			isa = PBXGroup;
			children = (
				952DE2C7223A46800098B208 /* WYAImgTextViewController.h */,
				952DE2C8223A46800098B208 /* WYAImgTextViewController.m */,
			);
			path = ImgTextController;
			sourceTree = "<group>";
		};
		952DE2C3223A46570098B208 /* ArticleController */ = {
			isa = PBXGroup;
			children = (
				952DE2C4223A46730098B208 /* WYAArticleViewController.h */,
				952DE2C5223A46730098B208 /* WYAArticleViewController.m */,
			);
			path = ArticleController;
			sourceTree = "<group>";
		};
		9592DAAC2239E0D800DAB8B7 /* Login */ = {
			isa = PBXGroup;
			children = (
				95DD8CB32239E24200731A7E /* Controller */,
				95DD8CB22239E24200731A7E /* Model */,
				95DD8CB62239E24200731A7E /* View */,
				95DD8CB12239E24200731A7E /* ViewModel */,
			);
			path = Login;
			sourceTree = "<group>";
		};
		9592DAAD2239E19000DAB8B7 /* Material */ = {
			isa = PBXGroup;
			children = (
				95DD8CAA2239E23800731A7E /* Controller */,
				95DD8CAD2239E23800731A7E /* Model */,
				95DD8CAE2239E23800731A7E /* View */,
				95DD8CAF2239E23800731A7E /* ViewModel */,
			);
			path = Material;
			sourceTree = "<group>";
		};
		95C2FEC220F0528B00ED829B = {
			isa = PBXGroup;
			children = (
				95C2FECD20F0528B00ED829B /* WYAMaterial */,
				95C2FEE620F0528C00ED829B /* WYAMaterialTests */,
				95C2FEF120F0528C00ED829B /* WYAMaterialUITests */,
				95C2FECC20F0528B00ED829B /* Products */,
				2D58A82D018BD5D3B50876E6 /* Pods */,
				D83764D07F0DA6788B0B7539 /* Frameworks */,
			);
			sourceTree = "<group>";
		};
		95C2FECC20F0528B00ED829B /* Products */ = {
			isa = PBXGroup;
			children = (
				95C2FECB20F0528B00ED829B /* WYAMaterial.app */,
				95C2FEE320F0528C00ED829B /* WYAMaterialTests.xctest */,
				95C2FEEE20F0528C00ED829B /* WYAMaterialUITests.xctest */,
			);
			name = Products;
			sourceTree = "<group>";
		};
		95C2FECD20F0528B00ED829B /* WYAMaterial */ = {
			isa = PBXGroup;
			children = (
				95C2FF6420F0533500ED829B /* AppDelegate */,
				95C2FF5D20F0533500ED829B /* RootController */,
				95C2FF3D20F0533500ED829B /* BaseFile */,
				95C2FF4020F0533500ED829B /* Class */,
				95C2FF0120F0533500ED829B /* Config */,
				95C2FF0720F0533500ED829B /* Category */,
				95C2FED920F0528C00ED829B /* LaunchScreen.storyboard */,
				958FB47520F0574A00F44489 /* Assets.xcassets */,
				95C2FEDC20F0528C00ED829B /* Info.plist */,
				95C2FEDD20F0528C00ED829B /* main.m */,
			);
			path = WYAMaterial;
			sourceTree = "<group>";
		};
		95C2FEE620F0528C00ED829B /* WYAMaterialTests */ = {
			isa = PBXGroup;
			children = (
				95C2FEE720F0528C00ED829B /* WYAMaterialTests.m */,
				95C2FEE920F0528C00ED829B /* Info.plist */,
			);
			path = WYAMaterialTests;
			sourceTree = "<group>";
		};
		95C2FEF120F0528C00ED829B /* WYAMaterialUITests */ = {
			isa = PBXGroup;
			children = (
				95C2FEF220F0528C00ED829B /* WYAMaterialUITests.m */,
				95C2FEF420F0528C00ED829B /* Info.plist */,
			);
			path = WYAMaterialUITests;
			sourceTree = "<group>";
		};
		95C2FF0120F0533500ED829B /* Config */ = {
			isa = PBXGroup;
			children = (
				95C2FF0220F0533500ED829B /* WYANetRequestUrl.h */,
				95C2FF0320F0533500ED829B /* WYANoticName.h */,
				95C2FF0420F0533500ED829B /* WYAThirdClassHeader.h */,
				95C2FF0520F0533500ED829B /* WYAMacros.h */,
				95C2FF0620F0533500ED829B /* WYABaseConfig.pch */,
			);
			path = Config;
			sourceTree = "<group>";
		};
		95C2FF0720F0533500ED829B /* Category */ = {
			isa = PBXGroup;
			children = (
				95DE134D21ECB52200B5867B /* UIColor */,
			);
			path = Category;
			sourceTree = "<group>";
		};
		95C2FF3D20F0533500ED829B /* BaseFile */ = {
			isa = PBXGroup;
			children = (
				95C2FF3F20F0533500ED829B /* BaseViewController.h */,
				95C2FF3E20F0533500ED829B /* BaseViewController.m */,
				21271DD020F59341008EBAD1 /* BaseNetWorking.h */,
				21271DD120F59341008EBAD1 /* BaseNetWorking.m */,
			);
			path = BaseFile;
			sourceTree = "<group>";
		};
		95C2FF4020F0533500ED829B /* Class */ = {
			isa = PBXGroup;
			children = (
				9592DAAD2239E19000DAB8B7 /* Material */,
				9592DAAC2239E0D800DAB8B7 /* Login */,
				95C2FF4120F0533500ED829B /* Home */,
				95C2FF4F20F0533500ED829B /* Mine */,
			);
			path = Class;
			sourceTree = "<group>";
		};
		95C2FF4120F0533500ED829B /* Home */ = {
			isa = PBXGroup;
			children = (
				95DD8CBA2239E24F00731A7E /* Model */,
				95DD8CB82239E24F00731A7E /* View */,
				95DD8CB92239E24F00731A7E /* ViewModel */,
				95C2FF4320F0533500ED829B /* Controller */,
			);
			path = Home;
			sourceTree = "<group>";
		};
		95C2FF4320F0533500ED829B /* Controller */ = {
			isa = PBXGroup;
			children = (
				95C2FF4420F0533500ED829B /* WYAHomeViewController.h */,
				95C2FF4520F0533500ED829B /* WYAHomeViewController.m */,
				211F6800223B8E8300F7ACBB /* WYASendDynamicViewController.h */,
				211F6801223B8E8300F7ACBB /* WYASendDynamicViewController.m */,
			);
			path = Controller;
			sourceTree = "<group>";
		};
		95C2FF4F20F0533500ED829B /* Mine */ = {
			isa = PBXGroup;
			children = (
				95DD8CBB2239E26900731A7E /* Model */,
				95DD8CBD2239E26900731A7E /* View */,
				95DD8CBC2239E26900731A7E /* ViewModel */,
				95C2FF5120F0533500ED829B /* Controller */,
			);
			path = Mine;
			sourceTree = "<group>";
		};
		95C2FF5120F0533500ED829B /* Controller */ = {
			isa = PBXGroup;
			children = (
				952DE2C1223A426A0098B208 /* MineSetting */,
				952DE2C0223A42550098B208 /* MineNotice */,
				952DE2BF223A42480098B208 /* MineCollection */,
				952DE2BE223A419F0098B208 /* MineCreate */,
				95C2FF5320F0533500ED829B /* WYAMineViewController.h */,
				95C2FF5220F0533500ED829B /* WYAMineViewController.m */,
			);
			path = Controller;
			sourceTree = "<group>";
		};
		95C2FF5D20F0533500ED829B /* RootController */ = {
			isa = PBXGroup;
			children = (
				95C2FF5E20F0533500ED829B /* Controller */,
				95C2FF6120F0533500ED829B /* Model */,
			);
			path = RootController;
			sourceTree = "<group>";
		};
		95C2FF5E20F0533500ED829B /* Controller */ = {
			isa = PBXGroup;
			children = (
				95C2FF6020F0533500ED829B /* RootViewController.h */,
				95C2FF5F20F0533500ED829B /* RootViewController.m */,
			);
			path = Controller;
			sourceTree = "<group>";
		};
		95C2FF6120F0533500ED829B /* Model */ = {
			isa = PBXGroup;
			children = (
				95C2FF6320F0533500ED829B /* RootControllerModel.h */,
				95C2FF6220F0533500ED829B /* RootControllerModel.m */,
			);
			path = Model;
			sourceTree = "<group>";
		};
		95C2FF6420F0533500ED829B /* AppDelegate */ = {
			isa = PBXGroup;
			children = (
				95C2FF6520F0533500ED829B /* AppDelegate.h */,
				95C2FF6620F0533500ED829B /* AppDelegate.m */,
			);
			path = AppDelegate;
			sourceTree = "<group>";
		};
		95DD8CAA2239E23800731A7E /* Controller */ = {
			isa = PBXGroup;
			children = (
				952DE2C3223A46570098B208 /* ArticleController */,
				952DE2C2223A464C0098B208 /* ImgTextController */,
				95DD8CC72239E65400731A7E /* WYAMaterialViewController.h */,
				95DD8CC82239E65400731A7E /* WYAMaterialViewController.m */,
			);
			path = Controller;
			sourceTree = "<group>";
		};
		95DD8CAD2239E23800731A7E /* Model */ = {
			isa = PBXGroup;
			children = (
				95DD8CBE2239E29400731A7E /* WYAMaterialModel.h */,
				95DD8CBF2239E29400731A7E /* WYAMaterialModel.m */,
			);
			path = Model;
			sourceTree = "<group>";
		};
		95DD8CAE2239E23800731A7E /* View */ = {
			isa = PBXGroup;
			children = (
				95DD8CC12239E2AB00731A7E /* WYAMaterialView.h */,
				95DD8CC22239E2AB00731A7E /* WYAMaterialView.m */,
			);
			path = View;
			sourceTree = "<group>";
		};
		95DD8CAF2239E23800731A7E /* ViewModel */ = {
			isa = PBXGroup;
			children = (
				95DD8CC42239E2C300731A7E /* WYAMaterialViewModel.h */,
				95DD8CC52239E2C300731A7E /* WYAMaterialViewModel.m */,
			);
			path = ViewModel;
			sourceTree = "<group>";
		};
		95DD8CB12239E24200731A7E /* ViewModel */ = {
			isa = PBXGroup;
			children = (
				95DD8CD62239E6AF00731A7E /* WYALoginViewModel.h */,
				95DD8CD72239E6AF00731A7E /* WYALoginViewModel.m */,
			);
			path = ViewModel;
			sourceTree = "<group>";
		};
		95DD8CB22239E24200731A7E /* Model */ = {
			isa = PBXGroup;
			children = (
				95DD8CD02239E69500731A7E /* WYALoginModel.h */,
				95DD8CD12239E69500731A7E /* WYALoginModel.m */,
			);
			path = Model;
			sourceTree = "<group>";
		};
		95DD8CB32239E24200731A7E /* Controller */ = {
			isa = PBXGroup;
			children = (
				95DD8CCA2239E66400731A7E /* WYALoginViewController.h */,
				95DD8CCB2239E66400731A7E /* WYALoginViewController.m */,
			);
			path = Controller;
			sourceTree = "<group>";
		};
		95DD8CB62239E24200731A7E /* View */ = {
			isa = PBXGroup;
			children = (
				95DD8CE52239E70900731A7E /* WYALoginVIew.h */,
				95DD8CE62239E70900731A7E /* WYALoginVIew.m */,
			);
			path = View;
			sourceTree = "<group>";
		};
		95DD8CB82239E24F00731A7E /* View */ = {
			isa = PBXGroup;
			children = (
				95DD8CE22239E6FB00731A7E /* WYAHomeView.h */,
				95DD8CE32239E6FB00731A7E /* WYAHomeView.m */,
				21B6BD792239FA0100962255 /* WYAAgentRingCoverView.h */,
				21B6BD7A2239FA0100962255 /* WYAAgentRingCoverView.m */,
				21F1C4BE223A05F800527496 /* WYAAgentRingCell.h */,
				21F1C4BF223A05F800527496 /* WYAAgentRingCell.m */,
				211F67FD223A5EC000F7ACBB /* WYAAgentRingSectionFootView.h */,
				211F67FE223A5EC000F7ACBB /* WYAAgentRingSectionFootView.m */,
				211F6804223B95B100F7ACBB /* WYACameraCell.h */,
				211F6803223B95B100F7ACBB /* WYACameraCell.m */,
				211F6805223B95B100F7ACBB /* WYACameraCell.xib */,
			);
			path = View;
			sourceTree = "<group>";
		};
		95DD8CB92239E24F00731A7E /* ViewModel */ = {
			isa = PBXGroup;
			children = (
				95DD8CD92239E6BC00731A7E /* WYAHomeViewModel.h */,
				95DD8CDA2239E6BC00731A7E /* WYAHomeViewModel.m */,
				211F67FA223A337800F7ACBB /* WYAAgentRingViewModel.h */,
				211F67FB223A337800F7ACBB /* WYAAgentRingViewModel.m */,
			);
			path = ViewModel;
			sourceTree = "<group>";
		};
		95DD8CBA2239E24F00731A7E /* Model */ = {
			isa = PBXGroup;
			children = (
				95DD8CCD2239E68800731A7E /* WYAHomeModel.h */,
				95DD8CCE2239E68800731A7E /* WYAHomeModel.m */,
				211F67F7223A31A700F7ACBB /* WYAAgentRingModel.h */,
				211F67F8223A31A700F7ACBB /* WYAAgentRingModel.m */,
			);
			path = Model;
			sourceTree = "<group>";
		};
		95DD8CBB2239E26900731A7E /* Model */ = {
			isa = PBXGroup;
			children = (
				95DD8CD32239E6A100731A7E /* WYAMineModel.h */,
				95DD8CD42239E6A100731A7E /* WYAMineModel.m */,
			);
			path = Model;
			sourceTree = "<group>";
		};
		95DD8CBC2239E26900731A7E /* ViewModel */ = {
			isa = PBXGroup;
			children = (
				95DD8CDC2239E6CE00731A7E /* WYAMineViewModel.h */,
				95DD8CDD2239E6CE00731A7E /* WYAMineViewModel.m */,
			);
			path = ViewModel;
			sourceTree = "<group>";
		};
		95DD8CBD2239E26900731A7E /* View */ = {
			isa = PBXGroup;
			children = (
				952DE2B7223A074B0098B208 /* WYAMineHeaderView.h */,
				952DE2B8223A074B0098B208 /* WYAMineHeaderView.m */,
				952DE2BA223A2A300098B208 /* WYAMineTableViewCell.h */,
				952DE2BB223A2A300098B208 /* WYAMineTableViewCell.m */,
			);
			path = View;
			sourceTree = "<group>";
		};
		95DE134D21ECB52200B5867B /* UIColor */ = {
			isa = PBXGroup;
			children = (
				95DE134E21ECB55700B5867B /* UIColor+WYAColor.h */,
				95DE134F21ECB55700B5867B /* UIColor+WYAColor.m */,
			);
			path = UIColor;
			sourceTree = "<group>";
		};
		95F63228223A589600BFC68C /* MineCreateDynamic */ = {
			isa = PBXGroup;
			children = (
				95F63232223A599F00BFC68C /* WYAMineCreateDynamicViewController.h */,
				95F63233223A599F00BFC68C /* WYAMineCreateDynamicViewController.m */,
			);
			path = MineCreateDynamic;
			sourceTree = "<group>";
		};
		95F63229223A58C600BFC68C /* MineCreateMaterial */ = {
			isa = PBXGroup;
			children = (
				95F6322F223A597600BFC68C /* WYAMineCreateMaterialViewController.h */,
				95F63230223A597600BFC68C /* WYAMineCreateMaterialViewController.m */,
			);
			path = MineCreateMaterial;
			sourceTree = "<group>";
		};
		95F6322A223A58EC00BFC68C /* MineCollectionDynamic */ = {
			isa = PBXGroup;
			children = (
				95F6323B223A613B00BFC68C /* WYAMineCollectionDynamicViewController.h */,
				95F6323C223A613B00BFC68C /* WYAMineCollectionDynamicViewController.m */,
			);
			path = MineCollectionDynamic;
			sourceTree = "<group>";
		};
		95F6322B223A58FB00BFC68C /* MineCollectionMaterial */ = {
			isa = PBXGroup;
			children = (
				95F63238223A609300BFC68C /* WYAMineCollectionMaterialViewController.h */,
				95F63239223A609300BFC68C /* WYAMineCollectionMaterialViewController.m */,
			);
			path = MineCollectionMaterial;
			sourceTree = "<group>";
		};
		D83764D07F0DA6788B0B7539 /* Frameworks */ = {
			isa = PBXGroup;
			children = (
				E5C09EEF13ED37F442242C6C /* libPods-WYAMaterial.a */,
			);
			name = Frameworks;
			sourceTree = "<group>";
		};
/* End PBXGroup section */

/* Begin PBXNativeTarget section */
		95C2FECA20F0528B00ED829B /* WYAMaterial */ = {
			isa = PBXNativeTarget;
			buildConfigurationList = 95C2FEF720F0528C00ED829B /* Build configuration list for PBXNativeTarget "WYAMaterial" */;
			buildPhases = (
				5B0ABA0C89C190C9921928BA /* [CP] Check Pods Manifest.lock */,
				95C2FEC720F0528B00ED829B /* Sources */,
				95C2FEC820F0528B00ED829B /* Frameworks */,
				95C2FEC920F0528B00ED829B /* Resources */,
				89B1970EF2EAB5C8C7CC9801 /* [CP] Copy Pods Resources */,
				952DE2BD223A2F6E0098B208 /* ShellScript */,
			);
			buildRules = (
			);
			dependencies = (
			);
			name = WYAMaterial;
			productName = WYAMaterial;
			productReference = 95C2FECB20F0528B00ED829B /* WYAMaterial.app */;
			productType = "com.apple.product-type.application";
		};
		95C2FEE220F0528C00ED829B /* WYAMaterialTests */ = {
			isa = PBXNativeTarget;
			buildConfigurationList = 95C2FEFA20F0528C00ED829B /* Build configuration list for PBXNativeTarget "WYAMaterialTests" */;
			buildPhases = (
				95C2FEDF20F0528C00ED829B /* Sources */,
				95C2FEE020F0528C00ED829B /* Frameworks */,
				95C2FEE120F0528C00ED829B /* Resources */,
			);
			buildRules = (
			);
			dependencies = (
				95C2FEE520F0528C00ED829B /* PBXTargetDependency */,
			);
			name = WYAMaterialTests;
			productName = WYAMaterialTests;
			productReference = 95C2FEE320F0528C00ED829B /* WYAMaterialTests.xctest */;
			productType = "com.apple.product-type.bundle.unit-test";
		};
		95C2FEED20F0528C00ED829B /* WYAMaterialUITests */ = {
			isa = PBXNativeTarget;
			buildConfigurationList = 95C2FEFD20F0528C00ED829B /* Build configuration list for PBXNativeTarget "WYAMaterialUITests" */;
			buildPhases = (
				95C2FEEA20F0528C00ED829B /* Sources */,
				95C2FEEB20F0528C00ED829B /* Frameworks */,
				95C2FEEC20F0528C00ED829B /* Resources */,
			);
			buildRules = (
			);
			dependencies = (
				95C2FEF020F0528C00ED829B /* PBXTargetDependency */,
			);
			name = WYAMaterialUITests;
			productName = WYAMaterialUITests;
			productReference = 95C2FEEE20F0528C00ED829B /* WYAMaterialUITests.xctest */;
			productType = "com.apple.product-type.bundle.ui-testing";
		};
/* End PBXNativeTarget section */

/* Begin PBXProject section */
		95C2FEC320F0528B00ED829B /* Project object */ = {
			isa = PBXProject;
			attributes = {
				CLASSPREFIX = WYA;
				LastUpgradeCheck = 0940;
				ORGANIZATIONNAME = WeiYiAn;
				TargetAttributes = {
					95C2FECA20F0528B00ED829B = {
						CreatedOnToolsVersion = 9.4.1;
					};
					95C2FEE220F0528C00ED829B = {
						CreatedOnToolsVersion = 9.4.1;
						TestTargetID = 95C2FECA20F0528B00ED829B;
					};
					95C2FEED20F0528C00ED829B = {
						CreatedOnToolsVersion = 9.4.1;
						TestTargetID = 95C2FECA20F0528B00ED829B;
					};
				};
			};
			buildConfigurationList = 95C2FEC620F0528B00ED829B /* Build configuration list for PBXProject "WYAMaterial" */;
			compatibilityVersion = "Xcode 9.3";
			developmentRegion = en;
			hasScannedForEncodings = 0;
			knownRegions = (
				en,
				Base,
			);
			mainGroup = 95C2FEC220F0528B00ED829B;
			productRefGroup = 95C2FECC20F0528B00ED829B /* Products */;
			projectDirPath = "";
			projectRoot = "";
			targets = (
				95C2FECA20F0528B00ED829B /* WYAMaterial */,
				95C2FEE220F0528C00ED829B /* WYAMaterialTests */,
				95C2FEED20F0528C00ED829B /* WYAMaterialUITests */,
			);
		};
/* End PBXProject section */

/* Begin PBXResourcesBuildPhase section */
		95C2FEC920F0528B00ED829B /* Resources */ = {
			isa = PBXResourcesBuildPhase;
			buildActionMask = 2147483647;
			files = (
				958FB47620F0574A00F44489 /* Assets.xcassets in Resources */,
				95C2FEDB20F0528C00ED829B /* LaunchScreen.storyboard in Resources */,
				211F6807223B95B200F7ACBB /* WYACameraCell.xib in Resources */,
			);
			runOnlyForDeploymentPostprocessing = 0;
		};
		95C2FEE120F0528C00ED829B /* Resources */ = {
			isa = PBXResourcesBuildPhase;
			buildActionMask = 2147483647;
			files = (
			);
			runOnlyForDeploymentPostprocessing = 0;
		};
		95C2FEEC20F0528C00ED829B /* Resources */ = {
			isa = PBXResourcesBuildPhase;
			buildActionMask = 2147483647;
			files = (
			);
			runOnlyForDeploymentPostprocessing = 0;
		};
/* End PBXResourcesBuildPhase section */

/* Begin PBXShellScriptBuildPhase section */
		5B0ABA0C89C190C9921928BA /* [CP] Check Pods Manifest.lock */ = {
			isa = PBXShellScriptBuildPhase;
			buildActionMask = 2147483647;
			files = (
			);
			inputPaths = (
				"${PODS_PODFILE_DIR_PATH}/Podfile.lock",
				"${PODS_ROOT}/Manifest.lock",
			);
			name = "[CP] Check Pods Manifest.lock";
			outputPaths = (
				"$(DERIVED_FILE_DIR)/Pods-WYAMaterial-checkManifestLockResult.txt",
			);
			runOnlyForDeploymentPostprocessing = 0;
			shellPath = /bin/sh;
			shellScript = "diff \"${PODS_PODFILE_DIR_PATH}/Podfile.lock\" \"${PODS_ROOT}/Manifest.lock\" > /dev/null\nif [ $? != 0 ] ; then\n    # print error to STDERR\n    echo \"error: The sandbox is not in sync with the Podfile.lock. Run 'pod install' or update your CocoaPods installation.\" >&2\n    exit 1\nfi\n# This output is used by Xcode 'outputs' to avoid re-running this script phase.\necho \"SUCCESS\" > \"${SCRIPT_OUTPUT_FILE_0}\"\n";
			showEnvVarsInLog = 0;
		};
		89B1970EF2EAB5C8C7CC9801 /* [CP] Copy Pods Resources */ = {
			isa = PBXShellScriptBuildPhase;
			buildActionMask = 2147483647;
			files = (
			);
			inputPaths = (
				"${PODS_ROOT}/Target Support Files/Pods-WYAMaterial/Pods-WYAMaterial-resources.sh",
				"${PODS_ROOT}/IQKeyboardManager/IQKeyboardManager/Resources/IQKeyboardManager.bundle",
				"${PODS_ROOT}/MJRefresh/MJRefresh/MJRefresh.bundle",
				"${PODS_CONFIGURATION_BUILD_DIR}/WYAKit/WYAKit.bundle",
			);
			name = "[CP] Copy Pods Resources";
			outputPaths = (
				"${TARGET_BUILD_DIR}/${UNLOCALIZED_RESOURCES_FOLDER_PATH}/IQKeyboardManager.bundle",
				"${TARGET_BUILD_DIR}/${UNLOCALIZED_RESOURCES_FOLDER_PATH}/MJRefresh.bundle",
				"${TARGET_BUILD_DIR}/${UNLOCALIZED_RESOURCES_FOLDER_PATH}/WYAKit.bundle",
			);
			runOnlyForDeploymentPostprocessing = 0;
			shellPath = /bin/sh;
			shellScript = "\"${PODS_ROOT}/Target Support Files/Pods-WYAMaterial/Pods-WYAMaterial-resources.sh\"\n";
			showEnvVarsInLog = 0;
		};
		952DE2BD223A2F6E0098B208 /* ShellScript */ = {
			isa = PBXShellScriptBuildPhase;
			buildActionMask = 8;
			files = (
			);
			inputFileListPaths = (
			);
			inputPaths = (
			);
			outputFileListPaths = (
			);
			outputPaths = (
			);
			runOnlyForDeploymentPostprocessing = 1;
			shellPath = /bin/sh;
			shellScript = "# Type a script or drag a script file from your workspace to insert its path.\nBUGLY_APP_ID=\"209aebc96b\"\nBUGLY_APP_KEY=\"9bd7bee4-729b-41f2-a1b1-23abf9487dc9\"\nBUGLY_IDENTIFIER=\"com.weiyian.ws.WYAMaterial\"\nUPLOAD_DSYM_ONLY=1\nUPLOAD_DEBUG_SYMBOLS=1\nUPLOAD_SIMULATOR_SYMBOLS=1\n";
		};
/* End PBXShellScriptBuildPhase section */

/* Begin PBXSourcesBuildPhase section */
		95C2FEC720F0528B00ED829B /* Sources */ = {
			isa = PBXSourcesBuildPhase;
			buildActionMask = 2147483647;
			files = (
				95DD8CD52239E6A100731A7E /* WYAMineModel.m in Sources */,
				211F67F9223A31A700F7ACBB /* WYAAgentRingModel.m in Sources */,
				95DD8CE42239E6FB00731A7E /* WYAHomeView.m in Sources */,
				95DD8CDB2239E6BC00731A7E /* WYAHomeViewModel.m in Sources */,
				211F6806223B95B200F7ACBB /* WYACameraCell.m in Sources */,
				95DD8CCC2239E66400731A7E /* WYALoginViewController.m in Sources */,
				952DE2B9223A074B0098B208 /* WYAMineHeaderView.m in Sources */,
				95F6323A223A609300BFC68C /* WYAMineCollectionMaterialViewController.m in Sources */,
				95F63234223A599F00BFC68C /* WYAMineCreateDynamicViewController.m in Sources */,
				95DD8CDE2239E6CE00731A7E /* WYAMineViewModel.m in Sources */,
				95C2FF8520F0533600ED829B /* RootControllerModel.m in Sources */,
				211F6802223B8E8300F7ACBB /* WYASendDynamicViewController.m in Sources */,
				95C2FEDE20F0528C00ED829B /* main.m in Sources */,
				95DD8CD82239E6AF00731A7E /* WYALoginViewModel.m in Sources */,
				95DE135021ECB55700B5867B /* UIColor+WYAColor.m in Sources */,
				21F1C4C0223A05F800527496 /* WYAAgentRingCell.m in Sources */,
				211F67FF223A5EC000F7ACBB /* WYAAgentRingSectionFootView.m in Sources */,
				95C2FF8620F0533600ED829B /* AppDelegate.m in Sources */,
				95F6323D223A613B00BFC68C /* WYAMineCollectionDynamicViewController.m in Sources */,
				952DE2C6223A46730098B208 /* WYAArticleViewController.m in Sources */,
				95DD8CD22239E69500731A7E /* WYALoginModel.m in Sources */,
				21271DD220F59341008EBAD1 /* BaseNetWorking.m in Sources */,
				95C2FF8420F0533600ED829B /* RootViewController.m in Sources */,
				952DE2C9223A46800098B208 /* WYAImgTextViewController.m in Sources */,
				95F63237223A5FE600BFC68C /* WYAMineCollectionViewController.m in Sources */,
				952DE2BC223A2A300098B208 /* WYAMineTableViewCell.m in Sources */,
				95DD8CC92239E65400731A7E /* WYAMaterialViewController.m in Sources */,
				95DD8CC62239E2C300731A7E /* WYAMaterialViewModel.m in Sources */,
				211F67FC223A337800F7ACBB /* WYAAgentRingViewModel.m in Sources */,
				95DD8CE72239E70900731A7E /* WYALoginVIew.m in Sources */,
				95F63231223A597600BFC68C /* WYAMineCreateMaterialViewController.m in Sources */,
				95C2FF8020F0533600ED829B /* WYAHomeViewController.m in Sources */,
				95DD8CC32239E2AB00731A7E /* WYAMaterialView.m in Sources */,
				95F6322E223A592800BFC68C /* WYAMineCreateViewController.m in Sources */,
				95C2FF8220F0533600ED829B /* WYAMineViewController.m in Sources */,
				21B6BD7B2239FA0100962255 /* WYAAgentRingCoverView.m in Sources */,
				95DD8CC02239E29400731A7E /* WYAMaterialModel.m in Sources */,
				95C2FF7F20F0533600ED829B /* BaseViewController.m in Sources */,
				95DD8CCF2239E68800731A7E /* WYAHomeModel.m in Sources */,
			);
			runOnlyForDeploymentPostprocessing = 0;
		};
		95C2FEDF20F0528C00ED829B /* Sources */ = {
			isa = PBXSourcesBuildPhase;
			buildActionMask = 2147483647;
			files = (
				95C2FEE820F0528C00ED829B /* WYAMaterialTests.m in Sources */,
			);
			runOnlyForDeploymentPostprocessing = 0;
		};
		95C2FEEA20F0528C00ED829B /* Sources */ = {
			isa = PBXSourcesBuildPhase;
			buildActionMask = 2147483647;
			files = (
				95C2FEF320F0528C00ED829B /* WYAMaterialUITests.m in Sources */,
			);
			runOnlyForDeploymentPostprocessing = 0;
		};
/* End PBXSourcesBuildPhase section */

/* Begin PBXTargetDependency section */
		95C2FEE520F0528C00ED829B /* PBXTargetDependency */ = {
			isa = PBXTargetDependency;
			target = 95C2FECA20F0528B00ED829B /* WYAMaterial */;
			targetProxy = 95C2FEE420F0528C00ED829B /* PBXContainerItemProxy */;
		};
		95C2FEF020F0528C00ED829B /* PBXTargetDependency */ = {
			isa = PBXTargetDependency;
			target = 95C2FECA20F0528B00ED829B /* WYAMaterial */;
			targetProxy = 95C2FEEF20F0528C00ED829B /* PBXContainerItemProxy */;
		};
/* End PBXTargetDependency section */

/* Begin PBXVariantGroup section */
		95C2FED920F0528C00ED829B /* LaunchScreen.storyboard */ = {
			isa = PBXVariantGroup;
			children = (
				95C2FEDA20F0528C00ED829B /* Base */,
			);
			name = LaunchScreen.storyboard;
			sourceTree = "<group>";
		};
/* End PBXVariantGroup section */

/* Begin XCBuildConfiguration section */
		95C2FEF520F0528C00ED829B /* Debug */ = {
			isa = XCBuildConfiguration;
			buildSettings = {
				ALWAYS_SEARCH_USER_PATHS = NO;
				CLANG_ANALYZER_NONNULL = YES;
				CLANG_ANALYZER_NUMBER_OBJECT_CONVERSION = YES_AGGRESSIVE;
				CLANG_CXX_LANGUAGE_STANDARD = "gnu++14";
				CLANG_CXX_LIBRARY = "libc++";
				CLANG_ENABLE_MODULES = YES;
				CLANG_ENABLE_OBJC_ARC = YES;
				CLANG_ENABLE_OBJC_WEAK = YES;
				CLANG_WARN_BLOCK_CAPTURE_AUTORELEASING = YES;
				CLANG_WARN_BOOL_CONVERSION = YES;
				CLANG_WARN_COMMA = YES;
				CLANG_WARN_CONSTANT_CONVERSION = YES;
				CLANG_WARN_DEPRECATED_OBJC_IMPLEMENTATIONS = YES;
				CLANG_WARN_DIRECT_OBJC_ISA_USAGE = YES_ERROR;
				CLANG_WARN_DOCUMENTATION_COMMENTS = YES;
				CLANG_WARN_EMPTY_BODY = YES;
				CLANG_WARN_ENUM_CONVERSION = YES;
				CLANG_WARN_INFINITE_RECURSION = YES;
				CLANG_WARN_INT_CONVERSION = YES;
				CLANG_WARN_NON_LITERAL_NULL_CONVERSION = YES;
				CLANG_WARN_OBJC_IMPLICIT_RETAIN_SELF = YES;
				CLANG_WARN_OBJC_LITERAL_CONVERSION = YES;
				CLANG_WARN_OBJC_ROOT_CLASS = YES_ERROR;
				CLANG_WARN_RANGE_LOOP_ANALYSIS = YES;
				CLANG_WARN_STRICT_PROTOTYPES = YES;
				CLANG_WARN_SUSPICIOUS_MOVE = YES;
				CLANG_WARN_UNGUARDED_AVAILABILITY = YES_AGGRESSIVE;
				CLANG_WARN_UNREACHABLE_CODE = YES;
				CLANG_WARN__DUPLICATE_METHOD_MATCH = YES;
				CODE_SIGN_IDENTITY = "iPhone Developer";
				COPY_PHASE_STRIP = NO;
				DEBUG_INFORMATION_FORMAT = dwarf;
				ENABLE_STRICT_OBJC_MSGSEND = YES;
				ENABLE_TESTABILITY = YES;
				GCC_C_LANGUAGE_STANDARD = gnu11;
				GCC_DYNAMIC_NO_PIC = NO;
				GCC_NO_COMMON_BLOCKS = YES;
				GCC_OPTIMIZATION_LEVEL = 0;
				GCC_PREPROCESSOR_DEFINITIONS = (
					"DEBUG=1",
					"$(inherited)",
				);
				GCC_WARN_64_TO_32_BIT_CONVERSION = YES;
				GCC_WARN_ABOUT_RETURN_TYPE = YES_ERROR;
				GCC_WARN_UNDECLARED_SELECTOR = YES;
				GCC_WARN_UNINITIALIZED_AUTOS = YES_AGGRESSIVE;
				GCC_WARN_UNUSED_FUNCTION = YES;
				GCC_WARN_UNUSED_VARIABLE = YES;
				IPHONEOS_DEPLOYMENT_TARGET = 11.4;
				MTL_ENABLE_DEBUG_INFO = YES;
				ONLY_ACTIVE_ARCH = YES;
				SDKROOT = iphoneos;
			};
			name = Debug;
		};
		95C2FEF620F0528C00ED829B /* Release */ = {
			isa = XCBuildConfiguration;
			buildSettings = {
				ALWAYS_SEARCH_USER_PATHS = NO;
				CLANG_ANALYZER_NONNULL = YES;
				CLANG_ANALYZER_NUMBER_OBJECT_CONVERSION = YES_AGGRESSIVE;
				CLANG_CXX_LANGUAGE_STANDARD = "gnu++14";
				CLANG_CXX_LIBRARY = "libc++";
				CLANG_ENABLE_MODULES = YES;
				CLANG_ENABLE_OBJC_ARC = YES;
				CLANG_ENABLE_OBJC_WEAK = YES;
				CLANG_WARN_BLOCK_CAPTURE_AUTORELEASING = YES;
				CLANG_WARN_BOOL_CONVERSION = YES;
				CLANG_WARN_COMMA = YES;
				CLANG_WARN_CONSTANT_CONVERSION = YES;
				CLANG_WARN_DEPRECATED_OBJC_IMPLEMENTATIONS = YES;
				CLANG_WARN_DIRECT_OBJC_ISA_USAGE = YES_ERROR;
				CLANG_WARN_DOCUMENTATION_COMMENTS = YES;
				CLANG_WARN_EMPTY_BODY = YES;
				CLANG_WARN_ENUM_CONVERSION = YES;
				CLANG_WARN_INFINITE_RECURSION = YES;
				CLANG_WARN_INT_CONVERSION = YES;
				CLANG_WARN_NON_LITERAL_NULL_CONVERSION = YES;
				CLANG_WARN_OBJC_IMPLICIT_RETAIN_SELF = YES;
				CLANG_WARN_OBJC_LITERAL_CONVERSION = YES;
				CLANG_WARN_OBJC_ROOT_CLASS = YES_ERROR;
				CLANG_WARN_RANGE_LOOP_ANALYSIS = YES;
				CLANG_WARN_STRICT_PROTOTYPES = YES;
				CLANG_WARN_SUSPICIOUS_MOVE = YES;
				CLANG_WARN_UNGUARDED_AVAILABILITY = YES_AGGRESSIVE;
				CLANG_WARN_UNREACHABLE_CODE = YES;
				CLANG_WARN__DUPLICATE_METHOD_MATCH = YES;
				CODE_SIGN_IDENTITY = "iPhone Developer";
				COPY_PHASE_STRIP = NO;
				DEBUG_INFORMATION_FORMAT = "dwarf-with-dsym";
				ENABLE_NS_ASSERTIONS = NO;
				ENABLE_STRICT_OBJC_MSGSEND = YES;
				GCC_C_LANGUAGE_STANDARD = gnu11;
				GCC_NO_COMMON_BLOCKS = YES;
				GCC_WARN_64_TO_32_BIT_CONVERSION = YES;
				GCC_WARN_ABOUT_RETURN_TYPE = YES_ERROR;
				GCC_WARN_UNDECLARED_SELECTOR = YES;
				GCC_WARN_UNINITIALIZED_AUTOS = YES_AGGRESSIVE;
				GCC_WARN_UNUSED_FUNCTION = YES;
				GCC_WARN_UNUSED_VARIABLE = YES;
				IPHONEOS_DEPLOYMENT_TARGET = 11.4;
				MTL_ENABLE_DEBUG_INFO = NO;
				SDKROOT = iphoneos;
				VALIDATE_PRODUCT = YES;
			};
			name = Release;
		};
		95C2FEF820F0528C00ED829B /* Debug */ = {
			isa = XCBuildConfiguration;
			baseConfigurationReference = 4C7029995E79562742AF7EB9 /* Pods-WYAMaterial.debug.xcconfig */;
			buildSettings = {
				ASSETCATALOG_COMPILER_APPICON_NAME = AppIcon;
				CODE_SIGN_STYLE = Automatic;
				DEBUG_INFORMATION_FORMAT = "dwarf-with-dsym";
				DEVELOPMENT_TEAM = J5265ZP7QT;
				ENABLE_BITCODE = NO;
				GCC_PREFIX_HEADER = "$(SRCROOT)/WYAMaterial/Config/WYABaseConfig.pch";
				INFOPLIST_FILE = WYAMaterial/Info.plist;
				IPHONEOS_DEPLOYMENT_TARGET = 8.0;
				LD_RUNPATH_SEARCH_PATHS = (
					"$(inherited)",
					"@executable_path/Frameworks",
				);
				PRODUCT_BUNDLE_IDENTIFIER = com.weiyian.ws.WYAMaterial;
				PRODUCT_NAME = "$(TARGET_NAME)";
				TARGETED_DEVICE_FAMILY = 1;
			};
			name = Debug;
		};
		95C2FEF920F0528C00ED829B /* Release */ = {
			isa = XCBuildConfiguration;
			baseConfigurationReference = 6E595E41FAC2B4D66BC88E36 /* Pods-WYAMaterial.release.xcconfig */;
			buildSettings = {
				ASSETCATALOG_COMPILER_APPICON_NAME = AppIcon;
				CODE_SIGN_STYLE = Automatic;
				DEBUG_INFORMATION_FORMAT = "dwarf-with-dsym";
				DEVELOPMENT_TEAM = J5265ZP7QT;
				ENABLE_BITCODE = NO;
				GCC_PREFIX_HEADER = "$(SRCROOT)/WYAMaterial/Config/WYABaseConfig.pch";
				INFOPLIST_FILE = WYAMaterial/Info.plist;
				IPHONEOS_DEPLOYMENT_TARGET = 8.0;
				LD_RUNPATH_SEARCH_PATHS = (
					"$(inherited)",
					"@executable_path/Frameworks",
				);
				PRODUCT_BUNDLE_IDENTIFIER = com.weiyian.ws.WYAMaterial;
				PRODUCT_NAME = "$(TARGET_NAME)";
				TARGETED_DEVICE_FAMILY = 1;
			};
			name = Release;
		};
		95C2FEFB20F0528C00ED829B /* Debug */ = {
			isa = XCBuildConfiguration;
			buildSettings = {
				BUNDLE_LOADER = "$(TEST_HOST)";
				CODE_SIGN_STYLE = Automatic;
				DEVELOPMENT_TEAM = J5265ZP7QT;
				INFOPLIST_FILE = WYAMaterialTests/Info.plist;
				LD_RUNPATH_SEARCH_PATHS = (
					"$(inherited)",
					"@executable_path/Frameworks",
					"@loader_path/Frameworks",
				);
				PRODUCT_BUNDLE_IDENTIFIER = com.weiyian.ws.WYAMaterialTests;
				PRODUCT_NAME = "$(TARGET_NAME)";
				TARGETED_DEVICE_FAMILY = "1,2";
				TEST_HOST = "$(BUILT_PRODUCTS_DIR)/WYAMaterial.app/WYAMaterial";
			};
			name = Debug;
		};
		95C2FEFC20F0528C00ED829B /* Release */ = {
			isa = XCBuildConfiguration;
			buildSettings = {
				BUNDLE_LOADER = "$(TEST_HOST)";
				CODE_SIGN_STYLE = Automatic;
				DEVELOPMENT_TEAM = J5265ZP7QT;
				INFOPLIST_FILE = WYAMaterialTests/Info.plist;
				LD_RUNPATH_SEARCH_PATHS = (
					"$(inherited)",
					"@executable_path/Frameworks",
					"@loader_path/Frameworks",
				);
				PRODUCT_BUNDLE_IDENTIFIER = com.weiyian.ws.WYAMaterialTests;
				PRODUCT_NAME = "$(TARGET_NAME)";
				TARGETED_DEVICE_FAMILY = "1,2";
				TEST_HOST = "$(BUILT_PRODUCTS_DIR)/WYAMaterial.app/WYAMaterial";
			};
			name = Release;
		};
		95C2FEFE20F0528C00ED829B /* Debug */ = {
			isa = XCBuildConfiguration;
			buildSettings = {
				CODE_SIGN_STYLE = Automatic;
				DEVELOPMENT_TEAM = J5265ZP7QT;
				INFOPLIST_FILE = WYAMaterialUITests/Info.plist;
				LD_RUNPATH_SEARCH_PATHS = (
					"$(inherited)",
					"@executable_path/Frameworks",
					"@loader_path/Frameworks",
				);
				PRODUCT_BUNDLE_IDENTIFIER = com.weiyian.ws.WYAMaterialUITests;
				PRODUCT_NAME = "$(TARGET_NAME)";
				TARGETED_DEVICE_FAMILY = "1,2";
				TEST_TARGET_NAME = WYAMaterial;
			};
			name = Debug;
		};
		95C2FEFF20F0528C00ED829B /* Release */ = {
			isa = XCBuildConfiguration;
			buildSettings = {
				CODE_SIGN_STYLE = Automatic;
				DEVELOPMENT_TEAM = J5265ZP7QT;
				INFOPLIST_FILE = WYAMaterialUITests/Info.plist;
				LD_RUNPATH_SEARCH_PATHS = (
					"$(inherited)",
					"@executable_path/Frameworks",
					"@loader_path/Frameworks",
				);
				PRODUCT_BUNDLE_IDENTIFIER = com.weiyian.ws.WYAMaterialUITests;
				PRODUCT_NAME = "$(TARGET_NAME)";
				TARGETED_DEVICE_FAMILY = "1,2";
				TEST_TARGET_NAME = WYAMaterial;
			};
			name = Release;
		};
/* End XCBuildConfiguration section */

/* Begin XCConfigurationList section */
		95C2FEC620F0528B00ED829B /* Build configuration list for PBXProject "WYAMaterial" */ = {
			isa = XCConfigurationList;
			buildConfigurations = (
				95C2FEF520F0528C00ED829B /* Debug */,
				95C2FEF620F0528C00ED829B /* Release */,
			);
			defaultConfigurationIsVisible = 0;
			defaultConfigurationName = Release;
		};
		95C2FEF720F0528C00ED829B /* Build configuration list for PBXNativeTarget "WYAMaterial" */ = {
			isa = XCConfigurationList;
			buildConfigurations = (
				95C2FEF820F0528C00ED829B /* Debug */,
				95C2FEF920F0528C00ED829B /* Release */,
			);
			defaultConfigurationIsVisible = 0;
			defaultConfigurationName = Release;
		};
		95C2FEFA20F0528C00ED829B /* Build configuration list for PBXNativeTarget "WYAMaterialTests" */ = {
			isa = XCConfigurationList;
			buildConfigurations = (
				95C2FEFB20F0528C00ED829B /* Debug */,
				95C2FEFC20F0528C00ED829B /* Release */,
			);
			defaultConfigurationIsVisible = 0;
			defaultConfigurationName = Release;
		};
		95C2FEFD20F0528C00ED829B /* Build configuration list for PBXNativeTarget "WYAMaterialUITests" */ = {
			isa = XCConfigurationList;
			buildConfigurations = (
				95C2FEFE20F0528C00ED829B /* Debug */,
				95C2FEFF20F0528C00ED829B /* Release */,
			);
			defaultConfigurationIsVisible = 0;
			defaultConfigurationName = Release;
		};
/* End XCConfigurationList section */
	};
	rootObject = 95C2FEC320F0528B00ED829B /* Project object */;
}
